{
  "lockfileVersion": 1,
  "sources": {
    "antfu/skills": {
      "requestedRef": "main",
      "resolvedRef": "3fb90f01f5298b00de0a2500aab1ddd1357e6eb2",
      "resolvedAt": "2026-03-05T04:01:08.095Z",
      "skills": {
        "pnpm": {
          "integrity": "sha256-4c071c7abc636e3fbba9ff3b7248d7abae31a9062c7435baf37651b430815de3"
        },
        "tsdown": {
          "integrity": "sha256-dfda1ff78f65eda85e29ae4bbc50228822f8762cf1f2aec49d690aa5e01eeb62"
        },
        "vite": {
          "integrity": "sha256-46172f6a3966756e6c7493a5199d91384af892b4d4288dd9b49934faa0d5573c"
        },
        "vitest": {
          "integrity": "sha256-bc7d2af50a961f160723fe418dc04e27b96b93c2c76579667bbbc49b16e99997"
        }
      }
    },
    "anthropics/skills": {
      "requestedRef": "main",
      "resolvedRef": "7029232b9212482c0476da354b83364bd28fab2f",
      "resolvedAt": "2026-03-05T04:01:13.748Z",
      "skills": {
        "doc-coauthoring": {
          "integrity": "sha256-fd8325cb199c45d53792e9fbc144d72832900c77aa31bc3b781099d5cbe81266"
        },
        "frontend-design": {
          "integrity": "sha256-537c1df9d0c694ecf9139a911f9ad0bd111a7ebc173a55457568459e543fe75b"
        },
        "skill-creator": {
          "integrity": "sha256-aa58b3561389d7f1e2a95589125058d16978a265221e15310af56e2b1a9aed2c"
        }
      }
    },
    "coreyhaines31/marketingskills": {
      "requestedRef": "main",
      "resolvedRef": "2f5db8d95cff07fcc67d6f2be7fb0a677bf897e6",
      "resolvedAt": "2026-03-05T04:01:43.783Z",
      "skills": {
        "ab-test-setup": {
          "integrity": "sha256-7f8a3201004d515e4665639d789e5d4031ab7f903ae3ddfeeb07762777d9b512"
        },
        "ad-creative": {
          "integrity": "sha256-0d5339fdce1388537b6d6fd50b49b3972757edf5953b71a2ac5c342ed2ebc866"
        },
        "ai-seo": {
          "integrity": "sha256-6103cc9ce7d221a25ffdfd4ef72cf42dc9a06e104a89b2c93be0a2f40d2cd02c"
        },
        "analytics-tracking": {
          "integrity": "sha256-757d45338d686b7717a4bd66f24f78167e0cc81ea32ff58d8487afd6a3519e0b"
        },
        "churn-prevention": {
          "integrity": "sha256-c7f601d93a607ca30920293f2127ba1cfdbf176e28e69f345c2817be1a764c3a"
        },
        "cold-email": {
          "integrity": "sha256-a02e3342c0b671f8031fb86117b12ae1d5630257302c0633e2ea08719a7886f0"
        },
        "competitor-alternatives": {
          "integrity": "sha256-564479067ff0d64545b2715069ec8fab3d08c47038d2c7cadff5e082730b5cf9"
        },
        "content-strategy": {
          "integrity": "sha256-7d622fa4a286768b6f0d8a47ab435dff64340fb7be1e463a442725e185549dc3"
        },
        "copy-editing": {
          "integrity": "sha256-24b45df01a2f771e2d6be32877f39756712d23bbf76d6c4c04d9b1e60bf3c812"
        },
        "copywriting": {
          "integrity": "sha256-d8074b4718afad4cfcda115a1003dab5b814ceea7a4a58768ca432429624ee9b"
        },
        "email-sequence": {
          "integrity": "sha256-a5f44981d32a76f98a28f033110b1f59a6686dfdc6b1b3ce7e7468ab608894d4"
        },
        "form-cro": {
          "integrity": "sha256-04bde943082e8d5631958efea2d1496d87f7fecb8692a9f4441cc6fe6d58b950"
        },
        "free-tool-strategy": {
          "integrity": "sha256-2790a3d7b4d63ede4b15fbd22a3ff094dae3e2e5578f0e12777c01912b494aca"
        },
        "launch-strategy": {
          "integrity": "sha256-11b73e17e58a951e2682ebd320e54978f4c918895512f094e1a96e58d69e889c"
        },
        "marketing-ideas": {
          "integrity": "sha256-e615a56e025620d6bd112feedc5c18d9e0b6c36873907f330661ff73cc1e4fa2"
        },
        "marketing-psychology": {
          "integrity": "sha256-0cb6c8a63cc02ce446f4f1372c91844f745e487b06a55513e5b35caaf5e040d4"
        },
        "onboarding-cro": {
          "integrity": "sha256-99f4eca4807c285239a9918d22062a3b447eefb6c54f923ab03d9f967eadec8f"
        },
        "page-cro": {
          "integrity": "sha256-cb8d4afe44bf52e8c3eb0bf8bab8fdce88af436964fd7ef828327c07b84379f2"
        },
        "paid-ads": {
          "integrity": "sha256-b6ae92f8b4171b6c7eddba650bbe2ade3c39f7cebca2327b0f84afeef2e1db47"
        },
        "paywall-upgrade-cro": {
          "integrity": "sha256-f817eaaefe55809bd2427a4b468db2e2da758dc24818b44d0b67f84ba00c8e94"
        },
        "popup-cro": {
          "integrity": "sha256-6bcb73bb2d8be6fac2c9d62906e60e0073b61a981ccc90c51315518bd4e6c5f4"
        },
        "pricing-strategy": {
          "integrity": "sha256-7567c252a1b76aeaa695afb56e353ee841051810072ce6ef9d4d2111ad613eaa"
        },
        "product-marketing-context": {
          "integrity": "sha256-c2929bf4c4f104cbd59ce34cbdc4b5911eb72ead065f1b674bffa8f28002c3eb"
        },
        "programmatic-seo": {
          "integrity": "sha256-b2729730d4da6fcd4bcaa2ba5f94169b30dbe28f67ed246bc91d00990d473324"
        },
        "referral-program": {
          "integrity": "sha256-0addee2516429f0baee2e001c98ebd59d7a618a278cf7830431e028a2093500c"
        },
        "revops": {
          "integrity": "sha256-5afe3ac0f47c1503a86ed4186a437ccaefa82b3233d5ad49a3d0af62a9de0d9a"
        },
        "sales-enablement": {
          "integrity": "sha256-4e622e947d2dec51d2a87e5606509b2cf090fcd91fe117e503fc2503b85f7db0"
        },
        "schema-markup": {
          "integrity": "sha256-c615859aa70d2ddc7dc847a1d40c12a70b20844248a91370cfc0ea514ac3be76"
        },
        "seo-audit": {
          "integrity": "sha256-a6c94bab3dbdbeaa9f80d54f145c126ad699e4e880e2e88bdeb9024018984f65"
        },
        "signup-flow-cro": {
          "integrity": "sha256-24b8dcc04b2a1959ae9be70e8af09188403f5e6a162c77afb615eb45ac479df3"
        },
        "site-architecture": {
          "integrity": "sha256-5ae06d389f0a23cc10388404956c29bb2526416810be2b01c0e3246b8d788d02"
        },
        "social-content": {
          "integrity": "sha256-db74774a9d9568d38b22e4dce0c8d8cf8553e81c04a8bd1c7826d696b4b18f56"
        }
      }
    },
    "expo/skills:plugins/expo-app-design/skills": {
      "requestedRef": "main",
      "resolvedRef": "46fa1f8b93479046445706c528af4c70d270e727",
      "resolvedAt": "2026-03-05T04:01:47.442Z",
      "skills": {
        "building-native-ui": {
          "integrity": "sha256-860b96caf314d600a9df2bbac10c9288a562d340719fedc0546c7e362da64814"
        },
        "native-data-fetching": {
          "integrity": "sha256-812a2336d2f0b20a7ac7694579e84b9104b07e9e146af86c4354828588150490"
        }
      }
    },
    "google-labs-code/stitch-skills": {
      "requestedRef": "main",
      "resolvedRef": "51d6d5ab56b9b46e1947bc4dabcd7f53bd343b3e",
      "resolvedAt": "2026-03-05T04:01:49.186Z",
      "skills": {
        "design-md": {
          "integrity": "sha256-bee75bd0e412811b5c1b778a2b79c191257afce42c1cf1d18f68388c0c7c065b"
        }
      }
    },
    "charl-kruger/mdrip": {
      "requestedRef": "main",
      "resolvedRef": "3bc11285b4c6c3a498e1d4eeebe17dde447bebf2",
      "resolvedAt": "2026-03-05T04:01:51.433Z",
      "skills": {
        "mdrip": {
          "integrity": "sha256-74078e7e7778c0a3145fc9c90e1df44409ea20702e2f6bea664fc7404711f9b6"
        }
      }
    },
    "obra/superpowers": {
      "requestedRef": "main",
      "resolvedRef": "e4a2375cb705ca5800f0833528ce36a3faf9017a",
      "resolvedAt": "2026-03-05T04:01:59.836Z",
      "skills": {
        "brainstorming": {
          "integrity": "sha256-c22d161df902cd08a6eaf43a8da9c0b8d8811d706f88c2c6489d0596648ec8d4"
        },
        "dispatching-parallel-agents": {
          "integrity": "sha256-a0a682901769de6a7cb573a3d21dfcfa1cd107b37710810e012f121a6c3e80bd"
        },
        "executing-plans": {
          "integrity": "sha256-62d15c1379c29635aa2bb28519c6c22aa4e84256cc4245dc271e1defc7c6532a"
        },
        "finishing-a-development-branch": {
          "integrity": "sha256-eff0217a6697cd6be04c93a28ad8e556488a18361713cf19d967d489e2caf0ff"
        },
        "receiving-code-review": {
          "integrity": "sha256-b90b1e180f11fa06053fc0f9fb0a957935dce35168897d1aff6be33e14545b3e"
        },
        "requesting-code-review": {
          "integrity": "sha256-4e12f100b72a0059ce3ae89b9ed6082f5a6595b4bcadafa0983534443db0eb1a"
        },
        "subagent-driven-development": {
          "integrity": "sha256-fbb0ce5d447e5405029ea5e4bd74be7ee12fa80fd886c7430ae060d71e47b81f"
        },
        "systematic-debugging": {
          "integrity": "sha256-3c12777cc31b2f952a656e011fbd4ccdbd1181eab6ecf93b7fcd16537987e408"
        },
        "test-driven-development": {
          "integrity": "sha256-b078532e190983b849818c11a7d4797dcbae9dfe04fadabf9b90ca5ee63650c8"
        },
        "using-git-worktrees": {
          "integrity": "sha256-898e7cff32ffbc562afbca2cb858aaf9d4f7190817c5881405f1f7b5bf55e789"
        },
        "using-superpowers": {
          "integrity": "sha256-dcb2c2eadf1209dbceb2dc766f81c1adce1cfa0cd48b477c9a19cabcf13832f1"
        },
        "verification-before-completion": {
          "integrity": "sha256-9f704f1335e61a3ce258270d9f492cf487af55f1db0b9fc1bc5fa2173ebd38fa"
        },
        "writing-plans": {
          "integrity": "sha256-33d945c4d3a1929cc01424c1a6cf7b451228b1286d1a5e1436a7daea62106258"
        },
        "writing-skills": {
          "integrity": "sha256-d841d15c94a0d79dc39235e01d725032bee4ac3c269938df93d2fa08b5c3094b"
        }
      }
    },
    "pproenca/dot-skills:skills/.experimental": {
      "requestedRef": "master",
      "resolvedRef": "6df0cbb9974298eeb109c9aaead853db8394cf54",
      "resolvedAt": "2026-03-05T04:02:27.073Z",
      "skills": {
        "expo-react-native-coder": {
          "integrity": "sha256-aa8ebddc3dfbeaa938786d0c31319655e4d6be7681d740f6a055d423badcd285"
        },
        "expo-react-native-performance": {
          "integrity": "sha256-ad94f35c4e91b590f75f5ebb1b0d6f00e2e4f4a92fe3dd012f982b5344ebbb1a"
        },
        "uniwind": {
          "integrity": "sha256-3ca36b9fff2bf2728694de5c2634756c47169d4512a93845044902ee82c910e2"
        }
      }
    },
    "stevezhu/skills": {
      "requestedRef": "main",
      "resolvedRef": "f866c489b3a0444f578051e0034655d20de7ed3f",
      "resolvedAt": "2026-03-05T04:02:28.607Z",
      "skills": {
        "agent-logbook": {
          "integrity": "sha256-485f4557c812ef8e300669ca23f331d8cc6d57bd28b6b1818397a3025756c1f9"
        }
      }
    },
    "vercel-labs/agent-skills": {
      "requestedRef": "main",
      "resolvedRef": "cc8bd7a5b51e41270f20b43466ffa4149c18cc01",
      "resolvedAt": "2026-03-05T04:02:29.428Z",
      "skills": {
        "web-design-guidelines": {
          "integrity": "sha256-f3bc47f890f42a44db1007ab390709ec368e4b8c089baee6b0007182236ac474"
        }
      }
    },
    "vercel-labs/skills": {
      "requestedRef": "main",
      "resolvedRef": "bacd4981aead1170a6f5466ea2627106c7e816e2",
      "resolvedAt": "2026-03-05T04:02:30.251Z",
      "skills": {
        "find-skills": {
          "integrity": "sha256-c1720ff6ac18832a05d91cd913eee8781310e9f376ce77b8d5fc25a32e530a89"
        }
      }
    },
    "vercel/turborepo": {
      "requestedRef": "main",
      "resolvedRef": "923e20087ab2c379d80916884c5af3d44a333de3",
      "resolvedAt": "2026-03-05T04:02:36.067Z",
      "skills": {
        "turborepo": {
          "integrity": "sha256-e699480fdf5fb93c8b46aca011c90b7e20adffc95d3cd67d1d424b102c36b6b7"
        }
      }
    },
    "waynesutton/convexskills": {
      "requestedRef": "main",
      "resolvedRef": "8ef49c96675f760dd5569c0588c1abb04cd989dd",
      "resolvedAt": "2026-03-05T04:02:48.987Z",
      "skills": {
        "avoid-feature-creep": {
          "integrity": "sha256-57fcdf1f0d46cacc573ceebae152fbb251346fe1f99c899b5fbc436270d47afc"
        },
        "convex-agents": {
          "integrity": "sha256-d7783603a18bbe80e34a01f4e1e6e8bcc1e17c567a745880161978942241885c"
        },
        "convex-best-practices": {
          "integrity": "sha256-4e5f62f78ced1fa58d323d5ac6fad886d2dc6562b764b8f3b907f4ccba734b10"
        },
        "convex-component-authoring": {
          "integrity": "sha256-c1d470c2ac83b71f9aac1b454aa37535a0e350664d7addc4b439604e52f65916"
        },
        "convex-cron-jobs": {
          "integrity": "sha256-13d2c573819512b38df1aaaaf68389cf89025fc463d5b62a7734b8c2cb5729b0"
        },
        "convex-file-storage": {
          "integrity": "sha256-736f5d835df968021b7b1b9695584886f45f93037685ec0f713434a7458dab0e"
        },
        "convex-functions": {
          "integrity": "sha256-1bbe640d0123fb90886561f5e7d259e08b58fd88a4cdb542f2a767d3afea8d99"
        },
        "convex-http-actions": {
          "integrity": "sha256-7723be73aa88d42984fa8dc031d5cacbe88ba10851e4fb8a5b57afa127a4df93"
        },
        "convex-migrations": {
          "integrity": "sha256-ac28e96f896d0e27d3a9416c895d53474c44391647eb5e57eba3734638d07f54"
        },
        "convex-realtime": {
          "integrity": "sha256-770935272e43199b2d2251ec8e2296d38d91844ae08998d2135ef08ddaed47c2"
        },
        "convex-schema-validator": {
          "integrity": "sha256-8560c8ab9fc876983416bff7949cf9f14212dc4456293e385b02e08e4e42de92"
        },
        "convex-security-audit": {
          "integrity": "sha256-1fc949a8b905ae065aa4d4217c7c69cc61a56628a3ace991aa06b182bfe6c320"
        },
        "convex-security-check": {
          "integrity": "sha256-0ac603e62cadf14ef1d5daf276e90d625a1d912ff771331786920f181731d4b2"
        },
        "convex": {
          "integrity": "sha256-0f9b6d8f99eb2cecbc202276df8d1b05e1c726dfff6663c0de0b6d0567f1b34b"
        }
      }
    }
  }
}
